lockfileVersion: '9.0'

settings:
  autoInstallPeers: true
  excludeLinksFromLockfile: false

importers:

  .:
    dependencies:
      '@gqloom/core':
        specifier: ^0.10.1
        version: 0.10.1(graphql@16.11.0)
      '@gqloom/zod':
        specifier: ^0.10.0
        version: 0.10.0(@gqloom/core@0.10.1(graphql@16.11.0))(graphql@16.11.0)(zod@4.0.14)
      '@types/react':
        specifier: ^19.1.9
        version: 19.1.9
      change-case:
        specifier: ^5.4.4
        version: 5.4.4
      graphql:
        specifier: ^16.11.0
        version: 16.11.0
      graphql-yoga:
        specifier: ^5.15.1
        version: 5.15.1(graphql@16.11.0)
      react:
        specifier: ^19.1.1
        version: 19.1.1
      ts-morph:
        specifier: ^26.0.0
        version: 26.0.0
      zod:
        specifier: ^4.0.14
        version: 4.0.14
    devDependencies:
      '@types/node':
        specifier: ^24.1.0
        version: 24.1.0
      typescript:
        specifier: ^5.8.3
        version: 5.8.3

packages:

  '@envelop/core@5.3.0':
    resolution: {integrity: sha512-xvUkOWXI8JsG2OOnqiI2tOkEc52wbmIqWORr7yGc8B8E53Oh1MMGGGck4mbR80s25LnHVzfNIiIlNkuDgZRuuA==}
    engines: {node: '>=18.0.0'}

  '@envelop/instrumentation@1.0.0':
    resolution: {integrity: sha512-cxgkB66RQB95H3X27jlnxCRNTmPuSTgmBAq6/4n2Dtv4hsk4yz8FadA1ggmd0uZzvKqWD6CR+WFgTjhDqg7eyw==}
    engines: {node: '>=18.0.0'}

  '@envelop/types@5.2.1':
    resolution: {integrity: sha512-CsFmA3u3c2QoLDTfEpGr4t25fjMU31nyvse7IzWTvb0ZycuPjMjb0fjlheh+PbhBYb9YLugnT2uY6Mwcg1o+Zg==}
    engines: {node: '>=18.0.0'}

  '@fastify/busboy@3.1.1':
    resolution: {integrity: sha512-5DGmA8FTdB2XbDeEwc/5ZXBl6UbBAyBOOLlPuBnZ/N1SwdH9Ii+cOX3tBROlDgcTXxjOYnLMVoKk9+FXAw0CJw==}

  '@gqloom/core@0.10.1':
    resolution: {integrity: sha512-m+E2PsYx0zt19nTbbfSPvsge3uyIIyWc8eT3snyanIaKGUWWtgPAYZhNhTRjuOZgnaVagpBPd3LvChovhZ2C3A==}
    peerDependencies:
      graphql: '>= 16.8.0'

  '@gqloom/zod@0.10.0':
    resolution: {integrity: sha512-iUArHUAumiLClt0tbg5QVqSogC0CoBMSBEoj+49/rRmMr+8ZqqivM/YsSZhEEDxRD/FuHO+ak83DJQkfWIg4ew==}
    peerDependencies:
      '@gqloom/core': '>= 0.10.0'
      graphql: '>= 16.8.0'
      zod: '>= 3.25.0'

  '@graphql-tools/executor@1.4.9':
    resolution: {integrity: sha512-SAUlDT70JAvXeqV87gGzvDzUGofn39nvaVcVhNf12Dt+GfWHtNNO/RCn/Ea4VJaSLGzraUd41ObnN3i80EBU7w==}
    engines: {node: '>=16.0.0'}
    peerDependencies:
      graphql: ^14.0.0 || ^15.0.0 || ^16.0.0 || ^17.0.0

  '@graphql-tools/merge@9.1.1':
    resolution: {integrity: sha512-BJ5/7Y7GOhTuvzzO5tSBFL4NGr7PVqTJY3KeIDlVTT8YLcTXtBR+hlrC3uyEym7Ragn+zyWdHeJ9ev+nRX1X2w==}
    engines: {node: '>=16.0.0'}
    peerDependencies:
      graphql: ^14.0.0 || ^15.0.0 || ^16.0.0 || ^17.0.0

  '@graphql-tools/schema@10.0.25':
    resolution: {integrity: sha512-/PqE8US8kdQ7lB9M5+jlW8AyVjRGCKU7TSktuW3WNKSKmDO0MK1wakvb5gGdyT49MjAIb4a3LWxIpwo5VygZuw==}
    engines: {node: '>=16.0.0'}
    peerDependencies:
      graphql: ^14.0.0 || ^15.0.0 || ^16.0.0 || ^17.0.0

  '@graphql-tools/utils@10.9.1':
    resolution: {integrity: sha512-B1wwkXk9UvU7LCBkPs8513WxOQ2H8Fo5p8HR1+Id9WmYE5+bd51vqN+MbrqvWczHCH2gwkREgHJN88tE0n1FCw==}
    engines: {node: '>=16.0.0'}
    peerDependencies:
      graphql: ^14.0.0 || ^15.0.0 || ^16.0.0 || ^17.0.0

  '@graphql-typed-document-node/core@3.2.0':
    resolution: {integrity: sha512-mB9oAsNCm9aM3/SOv4YtBMqZbYj10R7dkq8byBqxGY/ncFwhf2oQzMV+LCRlWoDSEBJ3COiR1yeDvMtsoOsuFQ==}
    peerDependencies:
      graphql: ^0.8.0 || ^0.9.0 || ^0.10.0 || ^0.11.0 || ^0.12.0 || ^0.13.0 || ^14.0.0 || ^15.0.0 || ^16.0.0 || ^17.0.0

  '@graphql-yoga/logger@2.0.1':
    resolution: {integrity: sha512-Nv0BoDGLMg9QBKy9cIswQ3/6aKaKjlTh87x3GiBg2Z4RrjyrM48DvOOK0pJh1C1At+b0mUIM67cwZcFTDLN4sA==}
    engines: {node: '>=18.0.0'}

  '@graphql-yoga/subscription@5.0.5':
    resolution: {integrity: sha512-oCMWOqFs6QV96/NZRt/ZhTQvzjkGB4YohBOpKM4jH/lDT4qb7Lex/aGCxpi/JD9njw3zBBtMqxbaC22+tFHVvw==}
    engines: {node: '>=18.0.0'}

  '@graphql-yoga/typed-event-target@3.0.2':
    resolution: {integrity: sha512-ZpJxMqB+Qfe3rp6uszCQoag4nSw42icURnBRfFYSOmTgEeOe4rD0vYlbA8spvCu2TlCesNTlEN9BLWtQqLxabA==}
    engines: {node: '>=18.0.0'}

  '@isaacs/balanced-match@4.0.1':
    resolution: {integrity: sha512-yzMTt9lEb8Gv7zRioUilSglI0c0smZ9k5D65677DLWLtWJaXIS3CqcGyUFByYKlnUj6TkjLVs54fBl6+TiGQDQ==}
    engines: {node: 20 || >=22}

  '@isaacs/brace-expansion@5.0.0':
    resolution: {integrity: sha512-ZT55BDLV0yv0RBm2czMiZ+SqCGO7AvmOM3G/w2xhVPH+te0aKgFjmBvGlL1dH+ql2tgGO3MVrbb3jCKyvpgnxA==}
    engines: {node: 20 || >=22}

  '@nodelib/fs.scandir@2.1.5':
    resolution: {integrity: sha512-vq24Bq3ym5HEQm2NKCr3yXDwjc7vTsEThRDnkp2DK9p1uqLR+DHurm/NOTo0KG7HYHU7eppKZj3MyqYuMBf62g==}
    engines: {node: '>= 8'}

  '@nodelib/fs.stat@2.0.5':
    resolution: {integrity: sha512-RkhPPp2zrqDAQA/2jNhnztcPAlv64XdhIp7a7454A5ovI7Bukxgt7MX7udwAu3zg1DcpPU0rz3VV1SeaqvY4+A==}
    engines: {node: '>= 8'}

  '@nodelib/fs.walk@1.2.8':
    resolution: {integrity: sha512-oGB+UxlgWcgQkgwo8GcEGwemoTFt3FIO9ababBmaGwXIoBKZ+GTy0pP185beGg7Llih/NSHSV2XAs1lnznocSg==}
    engines: {node: '>= 8'}

  '@repeaterjs/repeater@3.0.6':
    resolution: {integrity: sha512-Javneu5lsuhwNCryN+pXH93VPQ8g0dBX7wItHFgYiwQmzE1sVdg5tWHiOgHywzL2W21XQopa7IwIEnNbmeUJYA==}

  '@ts-morph/common@0.27.0':
    resolution: {integrity: sha512-Wf29UqxWDpc+i61k3oIOzcUfQt79PIT9y/MWfAGlrkjg6lBC1hwDECLXPVJAhWjiGbfBCxZd65F/LIZF3+jeJQ==}

  '@types/node@24.1.0':
    resolution: {integrity: sha512-ut5FthK5moxFKH2T1CUOC6ctR67rQRvvHdFLCD2Ql6KXmMuCrjsSsRI9UsLCm9M18BMwClv4pn327UvB7eeO1w==}

  '@types/react@19.1.9':
    resolution: {integrity: sha512-WmdoynAX8Stew/36uTSVMcLJJ1KRh6L3IZRx1PZ7qJtBqT3dYTgyDTx8H1qoRghErydW7xw9mSJ3wS//tCRpFA==}

  '@whatwg-node/disposablestack@0.0.6':
    resolution: {integrity: sha512-LOtTn+JgJvX8WfBVJtF08TGrdjuFzGJc4mkP8EdDI8ADbvO7kiexYep1o8dwnt0okb0jYclCDXF13xU7Ge4zSw==}
    engines: {node: '>=18.0.0'}

  '@whatwg-node/events@0.1.2':
    resolution: {integrity: sha512-ApcWxkrs1WmEMS2CaLLFUEem/49erT3sxIVjpzU5f6zmVcnijtDSrhoK2zVobOIikZJdH63jdAXOrvjf6eOUNQ==}
    engines: {node: '>=18.0.0'}

  '@whatwg-node/fetch@0.10.10':
    resolution: {integrity: sha512-watz4i/Vv4HpoJ+GranJ7HH75Pf+OkPQ63NoVmru6Srgc8VezTArB00i/oQlnn0KWh14gM42F22Qcc9SU9mo/w==}
    engines: {node: '>=18.0.0'}

  '@whatwg-node/node-fetch@0.7.25':
    resolution: {integrity: sha512-szCTESNJV+Xd56zU6ShOi/JWROxE9IwCic8o5D9z5QECZloas6Ez5tUuKqXTAdu6fHFx1t6C+5gwj8smzOLjtg==}
    engines: {node: '>=18.0.0'}

  '@whatwg-node/promise-helpers@1.3.2':
    resolution: {integrity: sha512-Nst5JdK47VIl9UcGwtv2Rcgyn5lWtZ0/mhRQ4G8NN2isxpq2TO30iqHzmwoJycjWuyUfg3GFXqP/gFHXeV57IA==}
    engines: {node: '>=16.0.0'}

  '@whatwg-node/server@0.10.12':
    resolution: {integrity: sha512-MQIvvQyPvKGna586MzXhgwnEbGtbm7QtOgJ/KPd/tC70M/jbhd1xHdIQQbh3okBw+MrDF/EvaC2vB5oRC7QdlQ==}
    engines: {node: '>=18.0.0'}

  braces@3.0.3:
    resolution: {integrity: sha512-yQbXgO/OSZVD2IsiLlro+7Hf6Q18EJrKSEsdoMzKePKXct3gvD8oLcOQdIzGupr5Fj+EDe8gO/lxc1BzfMpxvA==}
    engines: {node: '>=8'}

  change-case@5.4.4:
    resolution: {integrity: sha512-HRQyTk2/YPEkt9TnUPbOpr64Uw3KOicFWPVBb+xiHvd6eBx/qPr9xqfBFDT8P2vWsvvz4jbEkfDe71W3VyNu2w==}

  code-block-writer@13.0.3:
    resolution: {integrity: sha512-Oofo0pq3IKnsFtuHqSF7TqBfr71aeyZDVJ0HpmqB7FBM2qEigL0iPONSCZSO9pE9dZTAxANe5XHG9Uy0YMv8cg==}

  cross-inspect@1.0.1:
    resolution: {integrity: sha512-Pcw1JTvZLSJH83iiGWt6fRcT+BjZlCDRVwYLbUcHzv/CRpB7r0MlSrGbIyQvVSNyGnbt7G4AXuyCiDR3POvZ1A==}
    engines: {node: '>=16.0.0'}

  csstype@3.1.3:
    resolution: {integrity: sha512-M1uQkMl8rQK/szD0LNhtqxIPLpimGm8sOBwU7lLnCpSbTyY3yeU1Vc7l4KT5zT4s/yOxHH5O7tIuuLOCnLADRw==}

  dset@3.1.4:
    resolution: {integrity: sha512-2QF/g9/zTaPDc3BjNcVTGoBbXBgYfMTTceLaYcFJ/W9kggFUkhxD/hMEeuLKbugyef9SqAx8cpgwlIP/jinUTA==}
    engines: {node: '>=4'}

  fast-glob@3.3.3:
    resolution: {integrity: sha512-7MptL8U0cqcFdzIzwOTHoilX9x5BrNqye7Z/LuC7kCMRio1EMSyqRK3BEAUD7sXRq4iT4AzTVuZdhgQ2TCvYLg==}
    engines: {node: '>=8.6.0'}

  fastq@1.19.1:
    resolution: {integrity: sha512-GwLTyxkCXjXbxqIhTsMI2Nui8huMPtnxg7krajPJAjnEG/iiOS7i+zCtWGZR9G0NBKbXKh6X9m9UIsYX/N6vvQ==}

  fill-range@7.1.1:
    resolution: {integrity: sha512-YsGpe3WHLK8ZYi4tWDg2Jy3ebRz2rXowDxnld4bkQB00cc/1Zw9AWnC0i9ztDJitivtQvaI9KaLyKrc+hBW0yg==}
    engines: {node: '>=8'}

  glob-parent@5.1.2:
    resolution: {integrity: sha512-AOIgSQCepiJYwP3ARnGx+5VnTu2HBYdzbGP45eLw1vr3zB3vZLeyed1sC9hnbcOc9/SrMyM5RPQrkGz4aS9Zow==}
    engines: {node: '>= 6'}

  graphql-yoga@5.15.1:
    resolution: {integrity: sha512-wCSnviFFGC4CF9lyeRNMW1p55xVWkMRLPu9iHYbBd8WCJEjduDTo3nh91sVktpbJdUQ6rxNBN6hhpTYMFZuMwg==}
    engines: {node: '>=18.0.0'}
    peerDependencies:
      graphql: ^15.2.0 || ^16.0.0

  graphql@16.11.0:
    resolution: {integrity: sha512-mS1lbMsxgQj6hge1XZ6p7GPhbrtFwUFYi3wRzXAC/FmYnyXMTvvI3td3rjmQ2u8ewXueaSvRPWaEcgVVOT9Jnw==}
    engines: {node: ^12.22.0 || ^14.16.0 || ^16.0.0 || >=17.0.0}

  is-extglob@2.1.1:
    resolution: {integrity: sha512-SbKbANkN603Vi4jEZv49LeVJMn4yGwsbzZworEoyEiutsN3nJYdbO36zfhGJ6QEDpOZIFkDtnq5JRxmvl3jsoQ==}
    engines: {node: '>=0.10.0'}

  is-glob@4.0.3:
    resolution: {integrity: sha512-xelSayHH36ZgE7ZWhli7pW34hNbNl8Ojv5KVmkJD4hBdD3th8Tfk9vYasLM+mXWOZhFkgZfxhLSnrwRr4elSSg==}
    engines: {node: '>=0.10.0'}

  is-number@7.0.0:
    resolution: {integrity: sha512-41Cifkg6e8TylSpdtTpeLVMqvSBEVzTttHvERD741+pnZ8ANv0004MRL43QKPDlK9cGvNp6NZWZUBlbGXYxxng==}
    engines: {node: '>=0.12.0'}

  lru-cache@10.4.3:
    resolution: {integrity: sha512-JNAzZcXrCt42VGLuYz0zfAzDfAvJWW6AfYlDBQyDV5DClI2m5sAmK+OIO7s59XfsRsWHp02jAJrRadPRGTt6SQ==}

  merge2@1.4.1:
    resolution: {integrity: sha512-8q7VEgMJW4J8tcfVPy8g09NcQwZdbwFEqhe/WZkoIzjn/3TGDwtOCYtXGxA3O8tPzpczCCDgv+P2P5y00ZJOOg==}
    engines: {node: '>= 8'}

  micromatch@4.0.8:
    resolution: {integrity: sha512-PXwfBhYu0hBCPw8Dn0E+WDYb7af3dSLVWKi3HGv84IdF4TyFoC0ysxFd0Goxw7nSv4T/PzEJQxsYsEiFCKo2BA==}
    engines: {node: '>=8.6'}

  minimatch@10.0.3:
    resolution: {integrity: sha512-IPZ167aShDZZUMdRk66cyQAW3qr0WzbHkPdMYa8bzZhlHhO3jALbKdxcaak7W9FfT2rZNpQuUu4Od7ILEpXSaw==}
    engines: {node: 20 || >=22}

  path-browserify@1.0.1:
    resolution: {integrity: sha512-b7uo2UCUOYZcnF/3ID0lulOJi/bafxa1xPe7ZPsammBSpjSWQkjNxlt635YGS2MiR9GjvuXCtz2emr3jbsz98g==}

  picomatch@2.3.1:
    resolution: {integrity: sha512-JU3teHTNjmE2VCGFzuY8EXzCDVwEqB2a8fsIvwaStHhAWJEeVd1o1QD80CU6+ZdEXXSLbSsuLwJjkCBWqRQUVA==}
    engines: {node: '>=8.6'}

  queue-microtask@1.2.3:
    resolution: {integrity: sha512-NuaNSa6flKT5JaSYQzJok04JzTL1CA6aGhv5rfLW3PgqA+M2ChpZQnAC8h8i4ZFkBS8X5RqkDBHA7r4hej3K9A==}

  react@19.1.1:
    resolution: {integrity: sha512-w8nqGImo45dmMIfljjMwOGtbmC/mk4CMYhWIicdSflH91J9TyCyczcPFXJzrZ/ZXcgGRFeP6BU0BEJTw6tZdfQ==}
    engines: {node: '>=0.10.0'}

  reusify@1.1.0:
    resolution: {integrity: sha512-g6QUff04oZpHs0eG5p83rFLhHeV00ug/Yf9nZM6fLeUrPguBTkTQOdpAWWspMh55TZfVQDPaN3NQJfbVRAxdIw==}
    engines: {iojs: '>=1.0.0', node: '>=0.10.0'}

  run-parallel@1.2.0:
    resolution: {integrity: sha512-5l4VyZR86LZ/lDxZTR6jqL8AFE2S0IFLMP26AbjsLVADxHdhB/c0GUsH+y39UfCi3dzz8OlQuPmnaJOMoDHQBA==}

  to-regex-range@5.0.1:
    resolution: {integrity: sha512-65P7iz6X5yEr1cwcgvQxbbIw7Uk3gOy5dIdtZ4rDveLqhrdJP+Li/Hx6tyK0NEb+2GCyneCMJiGqrADCSNk8sQ==}
    engines: {node: '>=8.0'}

  ts-morph@26.0.0:
    resolution: {integrity: sha512-ztMO++owQnz8c/gIENcM9XfCEzgoGphTv+nKpYNM1bgsdOVC/jRZuEBf6N+mLLDNg68Kl+GgUZfOySaRiG1/Ug==}

  tslib@2.8.1:
    resolution: {integrity: sha512-oJFu94HQb+KVduSUQL7wnpmqnfmLsOA/nAh6b6EH0wCEoK0/mPeXU6c3wKDV83MkOuHPRHtSXKKU99IBazS/2w==}

  typescript@5.8.3:
    resolution: {integrity: sha512-p1diW6TqL9L07nNxvRMM7hMMw4c5XOo/1ibL4aAIGmSAt9slTE1Xgw5KWuof2uTOvCg9BY7ZRi+GaF+7sfgPeQ==}
    engines: {node: '>=14.17'}
    hasBin: true

  undici-types@7.8.0:
    resolution: {integrity: sha512-9UJ2xGDvQ43tYyVMpuHlsgApydB8ZKfVYTsLDhXkFL/6gfkp+U8xTGdh8pMJv1SpZna0zxG1DwsKZsreLbXBxw==}

  urlpattern-polyfill@10.1.0:
    resolution: {integrity: sha512-IGjKp/o0NL3Bso1PymYURCJxMPNAf/ILOpendP9f5B6e1rTJgdgiOvgfoT8VxCAdY+Wisb9uhGaJJf3yZ2V9nw==}

  zod@4.0.14:
    resolution: {integrity: sha512-nGFJTnJN6cM2v9kXL+SOBq3AtjQby3Mv5ySGFof5UGRHrRioSJ5iG680cYNjE/yWk671nROcpPj4hAS8nyLhSw==}

snapshots:

  '@envelop/core@5.3.0':
    dependencies:
      '@envelop/instrumentation': 1.0.0
      '@envelop/types': 5.2.1
      '@whatwg-node/promise-helpers': 1.3.2
      tslib: 2.8.1

  '@envelop/instrumentation@1.0.0':
    dependencies:
      '@whatwg-node/promise-helpers': 1.3.2
      tslib: 2.8.1

  '@envelop/types@5.2.1':
    dependencies:
      '@whatwg-node/promise-helpers': 1.3.2
      tslib: 2.8.1

  '@fastify/busboy@3.1.1': {}

  '@gqloom/core@0.10.1(graphql@16.11.0)':
    dependencies:
      graphql: 16.11.0

  '@gqloom/zod@0.10.0(@gqloom/core@0.10.1(graphql@16.11.0))(graphql@16.11.0)(zod@4.0.14)':
    dependencies:
      '@gqloom/core': 0.10.1(graphql@16.11.0)
      graphql: 16.11.0
      zod: 4.0.14

  '@graphql-tools/executor@1.4.9(graphql@16.11.0)':
    dependencies:
      '@graphql-tools/utils': 10.9.1(graphql@16.11.0)
      '@graphql-typed-document-node/core': 3.2.0(graphql@16.11.0)
      '@repeaterjs/repeater': 3.0.6
      '@whatwg-node/disposablestack': 0.0.6
      '@whatwg-node/promise-helpers': 1.3.2
      graphql: 16.11.0
      tslib: 2.8.1

  '@graphql-tools/merge@9.1.1(graphql@16.11.0)':
    dependencies:
      '@graphql-tools/utils': 10.9.1(graphql@16.11.0)
      graphql: 16.11.0
      tslib: 2.8.1

  '@graphql-tools/schema@10.0.25(graphql@16.11.0)':
    dependencies:
      '@graphql-tools/merge': 9.1.1(graphql@16.11.0)
      '@graphql-tools/utils': 10.9.1(graphql@16.11.0)
      graphql: 16.11.0
      tslib: 2.8.1

  '@graphql-tools/utils@10.9.1(graphql@16.11.0)':
    dependencies:
      '@graphql-typed-document-node/core': 3.2.0(graphql@16.11.0)
      '@whatwg-node/promise-helpers': 1.3.2
      cross-inspect: 1.0.1
      dset: 3.1.4
      graphql: 16.11.0
      tslib: 2.8.1

  '@graphql-typed-document-node/core@3.2.0(graphql@16.11.0)':
    dependencies:
      graphql: 16.11.0

  '@graphql-yoga/logger@2.0.1':
    dependencies:
      tslib: 2.8.1

  '@graphql-yoga/subscription@5.0.5':
    dependencies:
      '@graphql-yoga/typed-event-target': 3.0.2
      '@repeaterjs/repeater': 3.0.6
      '@whatwg-node/events': 0.1.2
      tslib: 2.8.1

  '@graphql-yoga/typed-event-target@3.0.2':
    dependencies:
      '@repeaterjs/repeater': 3.0.6
      tslib: 2.8.1

  '@isaacs/balanced-match@4.0.1': {}

  '@isaacs/brace-expansion@5.0.0':
    dependencies:
      '@isaacs/balanced-match': 4.0.1

  '@nodelib/fs.scandir@2.1.5':
    dependencies:
      '@nodelib/fs.stat': 2.0.5
      run-parallel: 1.2.0

  '@nodelib/fs.stat@2.0.5': {}

  '@nodelib/fs.walk@1.2.8':
    dependencies:
      '@nodelib/fs.scandir': 2.1.5
      fastq: 1.19.1

  '@repeaterjs/repeater@3.0.6': {}

  '@ts-morph/common@0.27.0':
    dependencies:
      fast-glob: 3.3.3
      minimatch: 10.0.3
      path-browserify: 1.0.1

  '@types/node@24.1.0':
    dependencies:
      undici-types: 7.8.0

  '@types/react@19.1.9':
    dependencies:
      csstype: 3.1.3

  '@whatwg-node/disposablestack@0.0.6':
    dependencies:
      '@whatwg-node/promise-helpers': 1.3.2
      tslib: 2.8.1

  '@whatwg-node/events@0.1.2':
    dependencies:
      tslib: 2.8.1

  '@whatwg-node/fetch@0.10.10':
    dependencies:
      '@whatwg-node/node-fetch': 0.7.25
      urlpattern-polyfill: 10.1.0

  '@whatwg-node/node-fetch@0.7.25':
    dependencies:
      '@fastify/busboy': 3.1.1
      '@whatwg-node/disposablestack': 0.0.6
      '@whatwg-node/promise-helpers': 1.3.2
      tslib: 2.8.1

  '@whatwg-node/promise-helpers@1.3.2':
    dependencies:
      tslib: 2.8.1

  '@whatwg-node/server@0.10.12':
    dependencies:
      '@envelop/instrumentation': 1.0.0
      '@whatwg-node/disposablestack': 0.0.6
      '@whatwg-node/fetch': 0.10.10
      '@whatwg-node/promise-helpers': 1.3.2
      tslib: 2.8.1

  braces@3.0.3:
    dependencies:
      fill-range: 7.1.1

  change-case@5.4.4: {}

  code-block-writer@13.0.3: {}

  cross-inspect@1.0.1:
    dependencies:
      tslib: 2.8.1

  csstype@3.1.3: {}

  dset@3.1.4: {}

  fast-glob@3.3.3:
    dependencies:
      '@nodelib/fs.stat': 2.0.5
      '@nodelib/fs.walk': 1.2.8
      glob-parent: 5.1.2
      merge2: 1.4.1
      micromatch: 4.0.8

  fastq@1.19.1:
    dependencies:
      reusify: 1.1.0

  fill-range@7.1.1:
    dependencies:
      to-regex-range: 5.0.1

  glob-parent@5.1.2:
    dependencies:
      is-glob: 4.0.3

  graphql-yoga@5.15.1(graphql@16.11.0):
    dependencies:
      '@envelop/core': 5.3.0
      '@envelop/instrumentation': 1.0.0
      '@graphql-tools/executor': 1.4.9(graphql@16.11.0)
      '@graphql-tools/schema': 10.0.25(graphql@16.11.0)
      '@graphql-tools/utils': 10.9.1(graphql@16.11.0)
      '@graphql-yoga/logger': 2.0.1
      '@graphql-yoga/subscription': 5.0.5
      '@whatwg-node/fetch': 0.10.10
      '@whatwg-node/promise-helpers': 1.3.2
      '@whatwg-node/server': 0.10.12
      dset: 3.1.4
      graphql: 16.11.0
      lru-cache: 10.4.3
      tslib: 2.8.1

  graphql@16.11.0: {}

  is-extglob@2.1.1: {}

  is-glob@4.0.3:
    dependencies:
      is-extglob: 2.1.1

  is-number@7.0.0: {}

  lru-cache@10.4.3: {}

  merge2@1.4.1: {}

  micromatch@4.0.8:
    dependencies:
      braces: 3.0.3
      picomatch: 2.3.1

  minimatch@10.0.3:
    dependencies:
      '@isaacs/brace-expansion': 5.0.0

  path-browserify@1.0.1: {}

  picomatch@2.3.1: {}

  queue-microtask@1.2.3: {}

  react@19.1.1: {}

  reusify@1.1.0: {}

  run-parallel@1.2.0:
    dependencies:
      queue-microtask: 1.2.3

  to-regex-range@5.0.1:
    dependencies:
      is-number: 7.0.0

  ts-morph@26.0.0:
    dependencies:
      '@ts-morph/common': 0.27.0
      code-block-writer: 13.0.3

  tslib@2.8.1: {}

  typescript@5.8.3: {}

  undici-types@7.8.0: {}

  urlpattern-polyfill@10.1.0: {}

  zod@4.0.14: {}
